{
  "originHash" : "1ad5dbd71c74737444de01e53b9daec98cb578276920cb8a6b14d5e79ec0376a",
  "pins" : [
    {
      "identity" : "snap-foundation",
      "kind" : "remoteSourceControl",
      "location" : "https://github.com/simonnickel/snap-foundation.git",
      "state" : {
        "branch" : "main",
        "revision" : "ee8af3f0c4ec6d9f375e4f9c192247d13cb1f760"
      }
    }
  ],
  "version" : 3
}
