{
  "originHash" : "2eda617b733e97767fc48be5c195c9efea5d30658f8e82c7035c3e1abb392271",
  "pins" : [
    {
      "identity" : "snap-foundation",
      "kind" : "remoteSourceControl",
      "location" : "https://github.com/simonnickel/snap-foundation.git",
      "state" : {
        "branch" : "main",
        "revision" : "75dfea465bf7f7e58c528d74650b2f401308203b"
      }
    }
  ],
  "version" : 3
}
