{
  "originHash" : "b3438e8f3a9b95924eb89d0dd4c7e81a3a95fb748ebecf5aaab7807b575660f7",
  "pins" : [
    {
      "identity" : "snap-foundation",
      "kind" : "remoteSourceControl",
      "location" : "https://github.com/simonnickel/snap-foundation.git",
      "state" : {
        "branch" : "main",
        "revision" : "0b17c1a2b91dfd4a732f123778f63cc9aa398b8e"
      }
    }
  ],
  "version" : 3
}
