{
  "originHash" : "2eda617b733e97767fc48be5c195c9efea5d30658f8e82c7035c3e1abb392271",
  "pins" : [
    {
      "identity" : "snap-foundation",
      "kind" : "remoteSourceControl",
      "location" : "https://github.com/simonnickel/snap-foundation.git",
      "state" : {
        "branch" : "main",
        "revision" : "ee8af3f0c4ec6d9f375e4f9c192247d13cb1f760"
      }
    }
  ],
  "version" : 3
}
